
Microsoft Visual Studio Solution File, Format Version 11.00
# Visual Studio 2010
Project("{FAE04EC0-301F-11D3-BF4B-00C04F79EFBC}") = "Assembly-CSharp", "Assembly-CSharp.csproj", "{EDF17966-9CE8-4B55-CD0E-E3E316EF0EA5}"
EndProject
Global
	GlobalSection(SolutionConfigurationPlatforms) = preSolution
		Debug|Any CPU = Debug|Any CPU
		Release|Any CPU = Release|Any CPU
	EndGlobalSection
	GlobalSection(ProjectConfigurationPlatforms) = postSolution
		{EDF17966-9CE8-4B55-CD0E-E3E316EF0EA5}.Debug|Any CPU.ActiveCfg = Debug|Any CPU
		{EDF17966-9CE8-4B55-CD0E-E3E316EF0EA5}.Debug|Any CPU.Build.0 = Debug|Any CPU
		{EDF17966-9CE8-4B55-CD0E-E3E316EF0EA5}.Release|Any CPU.ActiveCfg = Release|Any CPU
		{EDF17966-9CE8-4B55-CD0E-E3E316EF0EA5}.Release|Any CPU.Build.0 = Release|Any CPU
	EndGlobalSection
	GlobalSection(SolutionProperties) = preSolution
		HideSolutionNode = FALSE
	EndGlobalSection
EndGlobal
